{
  "pins" : [
    {
      "identity" : "horizoncalendar",
      "kind" : "remoteSourceControl",
      "location" : "https://github.com/airbnb/HorizonCalendar.git",
      "state" : {
        "branch" : "master",
        "revision" : "41cf686b2208ea60cae1eb72756a4d898a05adfa"
      }
    }
  ],
  "version" : 2
}
